{
  "name": "cdk",
  "version": "1.0.0",
  "lockfileVersion": 1,
  "requires": true,
  "dependencies": {
    "@aws-cdk/cdk": {
      "version": "0.15.2",
      "resolved": "https://registry.npmjs.org/@aws-cdk/cdk/-/cdk-0.15.2.tgz",
      "integrity": "sha512-QucOxyTWdmd6Q0ePKhxRarFWLgiftnNP5y/HWjgkcUZTMS5NInUV+RdD+/Lvu+/FG8e19sIrvt5SOp/2cy/uzA==",
      "requires": {
        "@aws-cdk/cx-api": "^0.15.2",
        "js-base64": "^2.4.5",
        "json-diff": "^0.3.1"
      },
      "dependencies": {
        "cli-color": {
          "version": "0.1.7",
          "bundled": true,
          "requires": {
            "es5-ext": "0.8.x"
          }
        },
        "difflib": {
          "version": "0.2.4",
          "bundled": true,
          "requires": {
            "heap": ">= 0.2.0"
          }
        },
        "dreamopt": {
          "version": "0.6.0",
          "bundled": true,
          "requires": {
            "wordwrap": ">=0.0.2"
          }
        },
        "es5-ext": {
          "version": "0.8.2",
          "bundled": true
        },
        "heap": {
          "version": "0.2.6",
          "bundled": true
        },
        "js-base64": {
          "version": "2.4.9",
          "bundled": true
        },
        "json-diff": {
          "version": "0.3.1",
          "bundled": true,
          "requires": {
            "cli-color": "~0.1.6",
            "difflib": "~0.2.1",
            "dreamopt": "~0.6.0"
          }
        },
        "wordwrap": {
          "version": "1.0.0",
          "bundled": true
        }
      }
    },
    "@aws-cdk/cx-api": {
      "version": "0.15.2",
      "resolved": "https://registry.npmjs.org/@aws-cdk/cx-api/-/cx-api-0.15.2.tgz",
      "integrity": "sha512-hCtic0mBqTnDMNghYQR1back8NYhucoj5sm5BU/TPzwQfLWtVk7s6zavQcJwVqCHwqVrrdgJ3+eayOA5ncSq0Q=="
    },
    "@types/node": {
      "version": "10.12.3",
      "resolved": "https://registry.npmjs.org/@types/node/-/node-10.12.3.tgz",
      "integrity": "sha512-sfGmOtSMSbQ/AKG8V9xD1gmjquC9awIIZ/Kj309pHb2n3bcRAcGMQv5nJ6gCXZVsneGE4+ve8DXKRCsrg3TFzg=="
    }
  }
}
